# 由 demos/setup.sh 與各 demo 的 fetch 產生。要換版本就刪掉對應那一行再重跑。
MLX_LM_COMMIT=872ae88d1fac77350db23c8c04fe8dd372a9e3e8
MLX_VERSION=0.32.2
MODEL_REVISION__GOOGLE_BERT_BERT_BASE_CHINESE=8f23c25b06e129b6c986331a13d8d025a92cf0ea
MODEL_REVISION__MEDIATEK_RESEARCH_BREEZE_7B_BASE_V1_0=0fb8dbfcb88acd42cb9123f9cd72d2150c1419f7
MODEL_REVISION__MISTRALAI_MISTRAL_7B_V0_1=27d67f1b5f57dc0953326b2601d68371d40ea8da
MODEL_REVISION__MLX_COMMUNITY_GEMMA_4_26B_A4B_IT_4BIT=0d77464eeb233a2da68ebf9d7dc4edaac7db956d
MODEL_REVISION__MLX_COMMUNITY_META_LLAMA_3_1_8B_INSTRUCT_4BIT=241a666dad6cb93c8ff213d39a7f34a36bf26db4
MODEL_REVISION__MLX_COMMUNITY_MISTRAL_7B_INSTRUCT_V0_3_4BIT=a4b8f870474b0eb527f466a03fbc187830d271f5
MODEL_REVISION__MLX_COMMUNITY_QWEN3_8B_4BIT=545dc4251c05440727734bcd94334791f6ab0192
MODEL_REVISION__MLX_COMMUNITY_QWEN3_8_27B_4BIT=10c35caafbb80f7dc6a7a432cdd11af10a6d4818
MODEL_REVISION__QWEN_QWEN3_0_6B=c1899de289a04d12100db370d81485cdf75e47ca
MODEL_REVISION__QWEN_QWEN3_1_7B=70d244cc86ccca08cf5af4e1e306ecf908b1ad5e
PYTHON_VERSION=3.12
TORCH_VERSION=2.14.0
TRANSFORMERS_VERSION=5.17.0
